
Microsoft Visual Studio Solution File, Format Version 12.00
# Visual Studio 2013
VisualStudioVersion = 12.0.30501.0
MinimumVisualStudioVersion = 10.0.40219.1
Project("{FAE04EC0-301F-11D3-BF4B-00C04F79EFBC}") = "GiftExchange.Web", "GiftExchange\GiftExchange.Web.csproj", "{7C84B0CF-4A38-4934-818B-B584CCAF1C49}"
EndProject
Project("{FAE04EC0-301F-11D3-BF4B-00C04F79EFBC}") = "GiftExchange.LogicLayer", "GiftExchange.LogicLayer\GiftExchange.LogicLayer.csproj", "{DCCDFFD3-2B1F-4B83-9154-525C39913F68}"
EndProject
Project("{FAE04EC0-301F-11D3-BF4B-00C04F79EFBC}") = "GiftExchange.DTOs", "GiftExchange.DTOs\GiftExchange.DTOs.csproj", "{CFFE881E-15A6-4115-A58B-15D1BE681554}"
EndProject
Project("{FAE04EC0-301F-11D3-BF4B-00C04F79EFBC}") = "GiftExchange.DataLayer", "GiftExchange.DataLayer\GiftExchange.DataLayer.csproj", "{1A4812F6-BE01-448E-8103-2C47CAD40904}"
EndProject
Global
	GlobalSection(SolutionConfigurationPlatforms) = preSolution
		Debug|Any CPU = Debug|Any CPU
		Release|Any CPU = Release|Any CPU
	EndGlobalSection
	GlobalSection(ProjectConfigurationPlatforms) = postSolution
		{7C84B0CF-4A38-4934-818B-B584CCAF1C49}.Debug|Any CPU.ActiveCfg = Debug|Any CPU
		{7C84B0CF-4A38-4934-818B-B584CCAF1C49}.Debug|Any CPU.Build.0 = Debug|Any CPU
		{7C84B0CF-4A38-4934-818B-B584CCAF1C49}.Release|Any CPU.ActiveCfg = Release|Any CPU
		{7C84B0CF-4A38-4934-818B-B584CCAF1C49}.Release|Any CPU.Build.0 = Release|Any CPU
		{DCCDFFD3-2B1F-4B83-9154-525C39913F68}.Debug|Any CPU.ActiveCfg = Debug|Any CPU
		{DCCDFFD3-2B1F-4B83-9154-525C39913F68}.Debug|Any CPU.Build.0 = Debug|Any CPU
		{DCCDFFD3-2B1F-4B83-9154-525C39913F68}.Release|Any CPU.ActiveCfg = Release|Any CPU
		{DCCDFFD3-2B1F-4B83-9154-525C39913F68}.Release|Any CPU.Build.0 = Release|Any CPU
		{CFFE881E-15A6-4115-A58B-15D1BE681554}.Debug|Any CPU.ActiveCfg = Debug|Any CPU
		{CFFE881E-15A6-4115-A58B-15D1BE681554}.Debug|Any CPU.Build.0 = Debug|Any CPU
		{CFFE881E-15A6-4115-A58B-15D1BE681554}.Release|Any CPU.ActiveCfg = Release|Any CPU
		{CFFE881E-15A6-4115-A58B-15D1BE681554}.Release|Any CPU.Build.0 = Release|Any CPU
		{1A4812F6-BE01-448E-8103-2C47CAD40904}.Debug|Any CPU.ActiveCfg = Debug|Any CPU
		{1A4812F6-BE01-448E-8103-2C47CAD40904}.Debug|Any CPU.Build.0 = Debug|Any CPU
		{1A4812F6-BE01-448E-8103-2C47CAD40904}.Release|Any CPU.ActiveCfg = Release|Any CPU
		{1A4812F6-BE01-448E-8103-2C47CAD40904}.Release|Any CPU.Build.0 = Release|Any CPU
	EndGlobalSection
	GlobalSection(SolutionProperties) = preSolution
		HideSolutionNode = FALSE
	EndGlobalSection
EndGlobal
